
Microsoft Visual Studio Solution File, Format Version 11.00
# Visual Studio 2010
Project("{FAE04EC0-301F-11D3-BF4B-00C04F79EFBC}") = "MongoHQ_CSharp", "MongoHQ_CSharp\MongoHQ_CSharp.csproj", "{9704170C-5FDC-4C24-98C7-032F3EFC8ED1}"
EndProject
Global
	GlobalSection(SolutionConfigurationPlatforms) = preSolution
		Debug|Any CPU = Debug|Any CPU
		Release|Any CPU = Release|Any CPU
	EndGlobalSection
	GlobalSection(ProjectConfigurationPlatforms) = postSolution
		{9704170C-5FDC-4C24-98C7-032F3EFC8ED1}.Debug|Any CPU.ActiveCfg = Debug|Any CPU
		{9704170C-5FDC-4C24-98C7-032F3EFC8ED1}.Debug|Any CPU.Build.0 = Debug|Any CPU
		{9704170C-5FDC-4C24-98C7-032F3EFC8ED1}.Release|Any CPU.ActiveCfg = Release|Any CPU
		{9704170C-5FDC-4C24-98C7-032F3EFC8ED1}.Release|Any CPU.Build.0 = Release|Any CPU
	EndGlobalSection
	GlobalSection(SolutionProperties) = preSolution
		HideSolutionNode = FALSE
	EndGlobalSection
EndGlobal
